
Microsoft Visual Studio Solution File, Format Version 12.00
# Visual Studio 14
VisualStudioVersion = 14.0.23107.0
MinimumVisualStudioVersion = 10.0.40219.1
Project("{2150E333-8FDC-42A3-9474-1A3956D46DE8}") = "src", "src", "{B381E560-C492-4AE3-A063-78D2701558D1}"
EndProject
Project("{2150E333-8FDC-42A3-9474-1A3956D46DE8}") = "Solution Items", "Solution Items", "{B573C2AE-A576-419B-BC40-98BFB3ED613C}"
	ProjectSection(SolutionItems) = preProject
		global.json = global.json
	EndProjectSection
EndProject
Project("{8BB2217D-0F2D-49D1-97BC-3654ED321F3B}") = "XCMatchup", "src\XCMatchup\XCMatchup.xproj", "{2D7B30CF-43D9-4A3C-BBE5-FF4A4580976C}"
EndProject
Global
	GlobalSection(SolutionConfigurationPlatforms) = preSolution
		Debug|Any CPU = Debug|Any CPU
		Release|Any CPU = Release|Any CPU
	EndGlobalSection
	GlobalSection(ProjectConfigurationPlatforms) = postSolution
		{2D7B30CF-43D9-4A3C-BBE5-FF4A4580976C}.Debug|Any CPU.ActiveCfg = Debug|Any CPU
		{2D7B30CF-43D9-4A3C-BBE5-FF4A4580976C}.Debug|Any CPU.Build.0 = Debug|Any CPU
		{2D7B30CF-43D9-4A3C-BBE5-FF4A4580976C}.Release|Any CPU.ActiveCfg = Release|Any CPU
		{2D7B30CF-43D9-4A3C-BBE5-FF4A4580976C}.Release|Any CPU.Build.0 = Release|Any CPU
	EndGlobalSection
	GlobalSection(SolutionProperties) = preSolution
		HideSolutionNode = FALSE
	EndGlobalSection
	GlobalSection(NestedProjects) = preSolution
		{2D7B30CF-43D9-4A3C-BBE5-FF4A4580976C} = {B381E560-C492-4AE3-A063-78D2701558D1}
	EndGlobalSection
EndGlobal
